// !$*UTF8*$!
{
	archiveVersion = 1;
	classes = {
	};
	objectVersion = 51;
	objects = {

/* Begin PBXBuildFile section */
		CE28CB8325CEB6530066B296 /* AppDelegate.swift in Sources */ = {isa = PBXBuildFile; fileRef = CE28CB8225CEB6530066B296 /* AppDelegate.swift */; };
		CE28CB8525CEB6530066B296 /* SceneDelegate.swift in Sources */ = {isa = PBXBuildFile; fileRef = CE28CB8425CEB6530066B296 /* SceneDelegate.swift */; };
		CE28CB8725CEB6530066B296 /* NewsViewController.swift in Sources */ = {isa = PBXBuildFile; fileRef = CE28CB8625CEB6530066B296 /* NewsViewController.swift */; };
		CE28CB8A25CEB6530066B296 /* Main.storyboard in Resources */ = {isa = PBXBuildFile; fileRef = CE28CB8825CEB6530066B296 /* Main.storyboard */; };
		CE28CB8C25CEB6550066B296 /* Assets.xcassets in Resources */ = {isa = PBXBuildFile; fileRef = CE28CB8B25CEB6550066B296 /* Assets.xcassets */; };
		CE28CB8F25CEB6550066B296 /* LaunchScreen.storyboard in Resources */ = {isa = PBXBuildFile; fileRef = CE28CB8D25CEB6550066B296 /* LaunchScreen.storyboard */; };
		CE28CB9B25CEBDDE0066B296 /* NewsManager.swift in Sources */ = {isa = PBXBuildFile; fileRef = CE28CB9A25CEBDDE0066B296 /* NewsManager.swift */; };
		CE28CB9E25CEBDF10066B296 /* NewsModel.swift in Sources */ = {isa = PBXBuildFile; fileRef = CE28CB9D25CEBDF10066B296 /* NewsModel.swift */; };
		CE28CBA125CEBE000066B296 /* NewsData.swift in Sources */ = {isa = PBXBuildFile; fileRef = CE28CBA025CEBE000066B296 /* NewsData.swift */; };
		CE28CBA825CEEB380066B296 /* NewsCell.swift in Sources */ = {isa = PBXBuildFile; fileRef = CE28CBA625CEEB380066B296 /* NewsCell.swift */; };
		CE28CBA925CEEB380066B296 /* NewsCell.xib in Resources */ = {isa = PBXBuildFile; fileRef = CE28CBA725CEEB380066B296 /* NewsCell.xib */; };
		CE28CBB925CF060D0066B296 /* Konstant.swift in Sources */ = {isa = PBXBuildFile; fileRef = CE28CBB825CF060D0066B296 /* Konstant.swift */; };
		CE28CBED25D5AE9B0066B296 /* DetailViewController.swift in Sources */ = {isa = PBXBuildFile; fileRef = CE28CBEC25D5AE9B0066B296 /* DetailViewController.swift */; };
		CE29263425E42A370062A98E /* FilterViewController.swift in Sources */ = {isa = PBXBuildFile; fileRef = CE29263325E42A370062A98E /* FilterViewController.swift */; };
		FEA55CB4E44AB5DD78DD7A72 /* Pods_NewsApp.framework in Frameworks */ = {isa = PBXBuildFile; fileRef = DA13DF671A2934A773D84827 /* Pods_NewsApp.framework */; };
/* End PBXBuildFile section */

/* Begin PBXFileReference section */
		7D371C2C028EF7CC564CD714 /* Pods-NewsApp.release.xcconfig */ = {isa = PBXFileReference; includeInIndex = 1; lastKnownFileType = text.xcconfig; name = "Pods-NewsApp.release.xcconfig"; path = "Target Support Files/Pods-NewsApp/Pods-NewsApp.release.xcconfig"; sourceTree = "<group>"; };
		BFC49D1921CF4176899A216D /* Pods-NewsApp.debug.xcconfig */ = {isa = PBXFileReference; includeInIndex = 1; lastKnownFileType = text.xcconfig; name = "Pods-NewsApp.debug.xcconfig"; path = "Target Support Files/Pods-NewsApp/Pods-NewsApp.debug.xcconfig"; sourceTree = "<group>"; };
		CE28CB7F25CEB6530066B296 /* NewsApp.app */ = {isa = PBXFileReference; explicitFileType = wrapper.application; includeInIndex = 0; path = NewsApp.app; sourceTree = BUILT_PRODUCTS_DIR; };
		CE28CB8225CEB6530066B296 /* AppDelegate.swift */ = {isa = PBXFileReference; lastKnownFileType = sourcecode.swift; path = AppDelegate.swift; sourceTree = "<group>"; };
		CE28CB8425CEB6530066B296 /* SceneDelegate.swift */ = {isa = PBXFileReference; lastKnownFileType = sourcecode.swift; path = SceneDelegate.swift; sourceTree = "<group>"; };
		CE28CB8625CEB6530066B296 /* NewsViewController.swift */ = {isa = PBXFileReference; lastKnownFileType = sourcecode.swift; path = NewsViewController.swift; sourceTree = "<group>"; };
		CE28CB8925CEB6530066B296 /* Base */ = {isa = PBXFileReference; lastKnownFileType = file.storyboard; name = Base; path = Base.lproj/Main.storyboard; sourceTree = "<group>"; };
		CE28CB8B25CEB6550066B296 /* Assets.xcassets */ = {isa = PBXFileReference; lastKnownFileType = folder.assetcatalog; path = Assets.xcassets; sourceTree = "<group>"; };
		CE28CB8E25CEB6550066B296 /* Base */ = {isa = PBXFileReference; lastKnownFileType = file.storyboard; name = Base; path = Base.lproj/LaunchScreen.storyboard; sourceTree = "<group>"; };
		CE28CB9025CEB6550066B296 /* Info.plist */ = {isa = PBXFileReference; lastKnownFileType = text.plist.xml; path = Info.plist; sourceTree = "<group>"; };
		CE28CB9A25CEBDDE0066B296 /* NewsManager.swift */ = {isa = PBXFileReference; lastKnownFileType = sourcecode.swift; path = NewsManager.swift; sourceTree = "<group>"; };
		CE28CB9D25CEBDF10066B296 /* NewsModel.swift */ = {isa = PBXFileReference; lastKnownFileType = sourcecode.swift; path = NewsModel.swift; sourceTree = "<group>"; };
		CE28CBA025CEBE000066B296 /* NewsData.swift */ = {isa = PBXFileReference; lastKnownFileType = sourcecode.swift; path = NewsData.swift; sourceTree = "<group>"; };
		CE28CBA625CEEB380066B296 /* NewsCell.swift */ = {isa = PBXFileReference; lastKnownFileType = sourcecode.swift; path = NewsCell.swift; sourceTree = "<group>"; };
		CE28CBA725CEEB380066B296 /* NewsCell.xib */ = {isa = PBXFileReference; lastKnownFileType = file.xib; path = NewsCell.xib; sourceTree = "<group>"; };
		CE28CBB825CF060D0066B296 /* Konstant.swift */ = {isa = PBXFileReference; lastKnownFileType = sourcecode.swift; path = Konstant.swift; sourceTree = "<group>"; };
		CE28CBEC25D5AE9B0066B296 /* DetailViewController.swift */ = {isa = PBXFileReference; lastKnownFileType = sourcecode.swift; path = DetailViewController.swift; sourceTree = "<group>"; };
		CE29263325E42A370062A98E /* FilterViewController.swift */ = {isa = PBXFileReference; lastKnownFileType = sourcecode.swift; path = FilterViewController.swift; sourceTree = "<group>"; };
		DA13DF671A2934A773D84827 /* Pods_NewsApp.framework */ = {isa = PBXFileReference; explicitFileType = wrapper.framework; includeInIndex = 0; path = Pods_NewsApp.framework; sourceTree = BUILT_PRODUCTS_DIR; };
/* End PBXFileReference section */

/* Begin PBXFrameworksBuildPhase section */
		CE28CB7C25CEB6530066B296 /* Frameworks */ = {
			isa = PBXFrameworksBuildPhase;
			buildActionMask = 2147483647;
			files = (
				FEA55CB4E44AB5DD78DD7A72 /* Pods_NewsApp.framework in Frameworks */,
			);
			runOnlyForDeploymentPostprocessing = 0;
		};
/* End PBXFrameworksBuildPhase section */

/* Begin PBXGroup section */
		A669F95DADBA1103A25B261E /* Frameworks */ = {
			isa = PBXGroup;
			children = (
				DA13DF671A2934A773D84827 /* Pods_NewsApp.framework */,
			);
			name = Frameworks;
			sourceTree = "<group>";
		};
		CE28CB7625CEB6530066B296 = {
			isa = PBXGroup;
			children = (
				CE28CB8125CEB6530066B296 /* NewsApp */,
				CE28CB8025CEB6530066B296 /* Products */,
				FE5989F6AA32718BC80A9ADE /* Pods */,
				A669F95DADBA1103A25B261E /* Frameworks */,
			);
			sourceTree = "<group>";
		};
		CE28CB8025CEB6530066B296 /* Products */ = {
			isa = PBXGroup;
			children = (
				CE28CB7F25CEB6530066B296 /* NewsApp.app */,
			);
			name = Products;
			sourceTree = "<group>";
		};
		CE28CB8125CEB6530066B296 /* NewsApp */ = {
			isa = PBXGroup;
			children = (
				CE28CB9725CEBD8E0066B296 /* Model */,
				CE28CB9825CEBD9B0066B296 /* VIew */,
				CE28CB9925CEBDA60066B296 /* Controller */,
				CE28CB8225CEB6530066B296 /* AppDelegate.swift */,
				CE28CB8425CEB6530066B296 /* SceneDelegate.swift */,
				CE28CB8B25CEB6550066B296 /* Assets.xcassets */,
				CE28CB8D25CEB6550066B296 /* LaunchScreen.storyboard */,
				CE28CB9025CEB6550066B296 /* Info.plist */,
				CE28CBB825CF060D0066B296 /* Konstant.swift */,
			);
			path = NewsApp;
			sourceTree = "<group>";
		};
		CE28CB9725CEBD8E0066B296 /* Model */ = {
			isa = PBXGroup;
			children = (
				CE28CB9A25CEBDDE0066B296 /* NewsManager.swift */,
				CE28CB9D25CEBDF10066B296 /* NewsModel.swift */,
				CE28CBA025CEBE000066B296 /* NewsData.swift */,
			);
			path = Model;
			sourceTree = "<group>";
		};
		CE28CB9825CEBD9B0066B296 /* VIew */ = {
			isa = PBXGroup;
			children = (
				CE28CB8825CEB6530066B296 /* Main.storyboard */,
				CE28CBA625CEEB380066B296 /* NewsCell.swift */,
				CE28CBA725CEEB380066B296 /* NewsCell.xib */,
			);
			name = VIew;
			sourceTree = "<group>";
		};
		CE28CB9925CEBDA60066B296 /* Controller */ = {
			isa = PBXGroup;
			children = (
				CE28CB8625CEB6530066B296 /* NewsViewController.swift */,
				CE28CBEC25D5AE9B0066B296 /* DetailViewController.swift */,
				CE29263325E42A370062A98E /* FilterViewController.swift */,
			);
			path = Controller;
			sourceTree = "<group>";
		};
		FE5989F6AA32718BC80A9ADE /* Pods */ = {
			isa = PBXGroup;
			children = (
				BFC49D1921CF4176899A216D /* Pods-NewsApp.debug.xcconfig */,
				7D371C2C028EF7CC564CD714 /* Pods-NewsApp.release.xcconfig */,
			);
			path = Pods;
			sourceTree = "<group>";
		};
/* End PBXGroup section */

/* Begin PBXNativeTarget section */
		CE28CB7E25CEB6530066B296 /* NewsApp */ = {
			isa = PBXNativeTarget;
			buildConfigurationList = CE28CB9325CEB6550066B296 /* Build configuration list for PBXNativeTarget "NewsApp" */;
			buildPhases = (
				15DD722D7A61B67C25992114 /* [CP] Check Pods Manifest.lock */,
				CE28CB7B25CEB6530066B296 /* Sources */,
				CE28CB7C25CEB6530066B296 /* Frameworks */,
				CE28CB7D25CEB6530066B296 /* Resources */,
				48FA065ACFE433A737D13CCE /* [CP] Embed Pods Frameworks */,
			);
			buildRules = (
			);
			dependencies = (
			);
			name = NewsApp;
			productName = NewsApp;
			productReference = CE28CB7F25CEB6530066B296 /* NewsApp.app */;
			productType = "com.apple.product-type.application";
		};
/* End PBXNativeTarget section */

/* Begin PBXProject section */
		CE28CB7725CEB6530066B296 /* Project object */ = {
			isa = PBXProject;
			attributes = {
				LastSwiftUpdateCheck = 1240;
				LastUpgradeCheck = 1240;
				TargetAttributes = {
					CE28CB7E25CEB6530066B296 = {
						CreatedOnToolsVersion = 12.4;
					};
				};
			};
			buildConfigurationList = CE28CB7A25CEB6530066B296 /* Build configuration list for PBXProject "NewsApp" */;
			compatibilityVersion = "Xcode 9.3";
			developmentRegion = en;
			hasScannedForEncodings = 0;
			knownRegions = (
				en,
				Base,
			);
			mainGroup = CE28CB7625CEB6530066B296;
			productRefGroup = CE28CB8025CEB6530066B296 /* Products */;
			projectDirPath = "";
			projectRoot = "";
			targets = (
				CE28CB7E25CEB6530066B296 /* NewsApp */,
			);
		};
/* End PBXProject section */

/* Begin PBXResourcesBuildPhase section */
		CE28CB7D25CEB6530066B296 /* Resources */ = {
			isa = PBXResourcesBuildPhase;
			buildActionMask = 2147483647;
			files = (
				CE28CB8F25CEB6550066B296 /* LaunchScreen.storyboard in Resources */,
				CE28CB8C25CEB6550066B296 /* Assets.xcassets in Resources */,
				CE28CBA925CEEB380066B296 /* NewsCell.xib in Resources */,
				CE28CB8A25CEB6530066B296 /* Main.storyboard in Resources */,
			);
			runOnlyForDeploymentPostprocessing = 0;
		};
/* End PBXResourcesBuildPhase section */

/* Begin PBXShellScriptBuildPhase section */
		15DD722D7A61B67C25992114 /* [CP] Check Pods Manifest.lock */ = {
			isa = PBXShellScriptBuildPhase;
			buildActionMask = 2147483647;
			files = (
			);
			inputFileListPaths = (
			);
			inputPaths = (
				"${PODS_PODFILE_DIR_PATH}/Podfile.lock",
				"${PODS_ROOT}/Manifest.lock",
			);
			name = "[CP] Check Pods Manifest.lock";
			outputFileListPaths = (
			);
			outputPaths = (
				"$(DERIVED_FILE_DIR)/Pods-NewsApp-checkManifestLockResult.txt",
			);
			runOnlyForDeploymentPostprocessing = 0;
			shellPath = /bin/sh;
			shellScript = "diff \"${PODS_PODFILE_DIR_PATH}/Podfile.lock\" \"${PODS_ROOT}/Manifest.lock\" > /dev/null\nif [ $? != 0 ] ; then\n    # print error to STDERR\n    echo \"error: The sandbox is not in sync with the Podfile.lock. Run 'pod install' or update your CocoaPods installation.\" >&2\n    exit 1\nfi\n# This output is used by Xcode 'outputs' to avoid re-running this script phase.\necho \"SUCCESS\" > \"${SCRIPT_OUTPUT_FILE_0}\"\n";
			showEnvVarsInLog = 0;
		};
		48FA065ACFE433A737D13CCE /* [CP] Embed Pods Frameworks */ = {
			isa = PBXShellScriptBuildPhase;
			buildActionMask = 2147483647;
			files = (
			);
			inputFileListPaths = (
				"${PODS_ROOT}/Target Support Files/Pods-NewsApp/Pods-NewsApp-frameworks-${CONFIGURATION}-input-files.xcfilelist",
			);
			name = "[CP] Embed Pods Frameworks";
			outputFileListPaths = (
				"${PODS_ROOT}/Target Support Files/Pods-NewsApp/Pods-NewsApp-frameworks-${CONFIGURATION}-output-files.xcfilelist",
			);
			runOnlyForDeploymentPostprocessing = 0;
			shellPath = /bin/sh;
			shellScript = "\"${PODS_ROOT}/Target Support Files/Pods-NewsApp/Pods-NewsApp-frameworks.sh\"\n";
			showEnvVarsInLog = 0;
		};
/* End PBXShellScriptBuildPhase section */

/* Begin PBXSourcesBuildPhase section */
		CE28CB7B25CEB6530066B296 /* Sources */ = {
			isa = PBXSourcesBuildPhase;
			buildActionMask = 2147483647;
			files = (
				CE28CBED25D5AE9B0066B296 /* DetailViewController.swift in Sources */,
				CE28CB9B25CEBDDE0066B296 /* NewsManager.swift in Sources */,
				CE28CB8725CEB6530066B296 /* NewsViewController.swift in Sources */,
				CE28CBA125CEBE000066B296 /* NewsData.swift in Sources */,
				CE29263425E42A370062A98E /* FilterViewController.swift in Sources */,
				CE28CBB925CF060D0066B296 /* Konstant.swift in Sources */,
				CE28CBA825CEEB380066B296 /* NewsCell.swift in Sources */,
				CE28CB8325CEB6530066B296 /* AppDelegate.swift in Sources */,
				CE28CB8525CEB6530066B296 /* SceneDelegate.swift in Sources */,
				CE28CB9E25CEBDF10066B296 /* NewsModel.swift in Sources */,
			);
			runOnlyForDeploymentPostprocessing = 0;
		};
/* End PBXSourcesBuildPhase section */

/* Begin PBXVariantGroup section */
		CE28CB8825CEB6530066B296 /* Main.storyboard */ = {
			isa = PBXVariantGroup;
			children = (
				CE28CB8925CEB6530066B296 /* Base */,
			);
			name = Main.storyboard;
			sourceTree = "<group>";
		};
		CE28CB8D25CEB6550066B296 /* LaunchScreen.storyboard */ = {
			isa = PBXVariantGroup;
			children = (
				CE28CB8E25CEB6550066B296 /* Base */,
			);
			name = LaunchScreen.storyboard;
			sourceTree = "<group>";
		};
/* End PBXVariantGroup section */

/* Begin XCBuildConfiguration section */
		CE28CB9125CEB6550066B296 /* Debug */ = {
			isa = XCBuildConfiguration;
			buildSettings = {
				ALWAYS_SEARCH_USER_PATHS = NO;
				CLANG_ANALYZER_NONNULL = YES;
				CLANG_ANALYZER_NUMBER_OBJECT_CONVERSION = YES_AGGRESSIVE;
				CLANG_CXX_LANGUAGE_STANDARD = "gnu++14";
				CLANG_CXX_LIBRARY = "libc++";
				CLANG_ENABLE_MODULES = YES;
				CLANG_ENABLE_OBJC_ARC = YES;
				CLANG_ENABLE_OBJC_WEAK = YES;
				CLANG_WARN_BLOCK_CAPTURE_AUTORELEASING = YES;
				CLANG_WARN_BOOL_CONVERSION = YES;
				CLANG_WARN_COMMA = YES;
				CLANG_WARN_CONSTANT_CONVERSION = YES;
				CLANG_WARN_DEPRECATED_OBJC_IMPLEMENTATIONS = YES;
				CLANG_WARN_DIRECT_OBJC_ISA_USAGE = YES_ERROR;
				CLANG_WARN_DOCUMENTATION_COMMENTS = YES;
				CLANG_WARN_EMPTY_BODY = YES;
				CLANG_WARN_ENUM_CONVERSION = YES;
				CLANG_WARN_INFINITE_RECURSION = YES;
				CLANG_WARN_INT_CONVERSION = YES;
				CLANG_WARN_NON_LITERAL_NULL_CONVERSION = YES;
				CLANG_WARN_OBJC_IMPLICIT_RETAIN_SELF = YES;
				CLANG_WARN_OBJC_LITERAL_CONVERSION = YES;
				CLANG_WARN_OBJC_ROOT_CLASS = YES_ERROR;
				CLANG_WARN_QUOTED_INCLUDE_IN_FRAMEWORK_HEADER = YES;
				CLANG_WARN_RANGE_LOOP_ANALYSIS = YES;
				CLANG_WARN_STRICT_PROTOTYPES = YES;
				CLANG_WARN_SUSPICIOUS_MOVE = YES;
				CLANG_WARN_UNGUARDED_AVAILABILITY = YES_AGGRESSIVE;
				CLANG_WARN_UNREACHABLE_CODE = YES;
				CLANG_WARN__DUPLICATE_METHOD_MATCH = YES;
				COPY_PHASE_STRIP = NO;
				DEBUG_INFORMATION_FORMAT = dwarf;
				ENABLE_STRICT_OBJC_MSGSEND = YES;
				ENABLE_TESTABILITY = YES;
				GCC_C_LANGUAGE_STANDARD = gnu11;
				GCC_DYNAMIC_NO_PIC = NO;
				GCC_NO_COMMON_BLOCKS = YES;
				GCC_OPTIMIZATION_LEVEL = 0;
				GCC_PREPROCESSOR_DEFINITIONS = (
					"DEBUG=1",
					"$(inherited)",
				);
				GCC_WARN_64_TO_32_BIT_CONVERSION = YES;
				GCC_WARN_ABOUT_RETURN_TYPE = YES_ERROR;
				GCC_WARN_UNDECLARED_SELECTOR = YES;
				GCC_WARN_UNINITIALIZED_AUTOS = YES_AGGRESSIVE;
				GCC_WARN_UNUSED_FUNCTION = YES;
				GCC_WARN_UNUSED_VARIABLE = YES;
				IPHONEOS_DEPLOYMENT_TARGET = 14.4;
				MTL_ENABLE_DEBUG_INFO = INCLUDE_SOURCE;
				MTL_FAST_MATH = YES;
				ONLY_ACTIVE_ARCH = YES;
				SDKROOT = iphoneos;
				SWIFT_ACTIVE_COMPILATION_CONDITIONS = DEBUG;
				SWIFT_OPTIMIZATION_LEVEL = "-Onone";
			};
			name = Debug;
		};
		CE28CB9225CEB6550066B296 /* Release */ = {
			isa = XCBuildConfiguration;
			buildSettings = {
				ALWAYS_SEARCH_USER_PATHS = NO;
				CLANG_ANALYZER_NONNULL = YES;
				CLANG_ANALYZER_NUMBER_OBJECT_CONVERSION = YES_AGGRESSIVE;
				CLANG_CXX_LANGUAGE_STANDARD = "gnu++14";
				CLANG_CXX_LIBRARY = "libc++";
				CLANG_ENABLE_MODULES = YES;
				CLANG_ENABLE_OBJC_ARC = YES;
				CLANG_ENABLE_OBJC_WEAK = YES;
				CLANG_WARN_BLOCK_CAPTURE_AUTORELEASING = YES;
				CLANG_WARN_BOOL_CONVERSION = YES;
				CLANG_WARN_COMMA = YES;
				CLANG_WARN_CONSTANT_CONVERSION = YES;
				CLANG_WARN_DEPRECATED_OBJC_IMPLEMENTATIONS = YES;
				CLANG_WARN_DIRECT_OBJC_ISA_USAGE = YES_ERROR;
				CLANG_WARN_DOCUMENTATION_COMMENTS = YES;
				CLANG_WARN_EMPTY_BODY = YES;
				CLANG_WARN_ENUM_CONVERSION = YES;
				CLANG_WARN_INFINITE_RECURSION = YES;
				CLANG_WARN_INT_CONVERSION = YES;
				CLANG_WARN_NON_LITERAL_NULL_CONVERSION = YES;
				CLANG_WARN_OBJC_IMPLICIT_RETAIN_SELF = YES;
				CLANG_WARN_OBJC_LITERAL_CONVERSION = YES;
				CLANG_WARN_OBJC_ROOT_CLASS = YES_ERROR;
				CLANG_WARN_QUOTED_INCLUDE_IN_FRAMEWORK_HEADER = YES;
				CLANG_WARN_RANGE_LOOP_ANALYSIS = YES;
				CLANG_WARN_STRICT_PROTOTYPES = YES;
				CLANG_WARN_SUSPICIOUS_MOVE = YES;
				CLANG_WARN_UNGUARDED_AVAILABILITY = YES_AGGRESSIVE;
				CLANG_WARN_UNREACHABLE_CODE = YES;
				CLANG_WARN__DUPLICATE_METHOD_MATCH = YES;
				COPY_PHASE_STRIP = NO;
				DEBUG_INFORMATION_FORMAT = "dwarf-with-dsym";
				ENABLE_NS_ASSERTIONS = NO;
				ENABLE_STRICT_OBJC_MSGSEND = YES;
				GCC_C_LANGUAGE_STANDARD = gnu11;
				GCC_NO_COMMON_BLOCKS = YES;
				GCC_WARN_64_TO_32_BIT_CONVERSION = YES;
				GCC_WARN_ABOUT_RETURN_TYPE = YES_ERROR;
				GCC_WARN_UNDECLARED_SELECTOR = YES;
				GCC_WARN_UNINITIALIZED_AUTOS = YES_AGGRESSIVE;
				GCC_WARN_UNUSED_FUNCTION = YES;
				GCC_WARN_UNUSED_VARIABLE = YES;
				IPHONEOS_DEPLOYMENT_TARGET = 14.4;
				MTL_ENABLE_DEBUG_INFO = NO;
				MTL_FAST_MATH = YES;
				SDKROOT = iphoneos;
				SWIFT_COMPILATION_MODE = wholemodule;
				SWIFT_OPTIMIZATION_LEVEL = "-O";
				VALIDATE_PRODUCT = YES;
			};
			name = Release;
		};
		CE28CB9425CEB6550066B296 /* Debug */ = {
			isa = XCBuildConfiguration;
			baseConfigurationReference = BFC49D1921CF4176899A216D /* Pods-NewsApp.debug.xcconfig */;
			buildSettings = {
				ASSETCATALOG_COMPILER_APPICON_NAME = AppIcon;
				ASSETCATALOG_COMPILER_GLOBAL_ACCENT_COLOR_NAME = AccentColor;
				CODE_SIGN_STYLE = Automatic;
				INFOPLIST_FILE = NewsApp/Info.plist;
				IPHONEOS_DEPLOYMENT_TARGET = 10.0;
				LD_RUNPATH_SEARCH_PATHS = (
					"$(inherited)",
					"@executable_path/Frameworks",
				);
				PRODUCT_BUNDLE_IDENTIFIER = com.stepanov.NewsApp;
				PRODUCT_NAME = "$(TARGET_NAME)";
				SWIFT_VERSION = 5.0;
				TARGETED_DEVICE_FAMILY = 1;
			};
			name = Debug;
		};
		CE28CB9525CEB6550066B296 /* Release */ = {
			isa = XCBuildConfiguration;
			baseConfigurationReference = 7D371C2C028EF7CC564CD714 /* Pods-NewsApp.release.xcconfig */;
			buildSettings = {
				ASSETCATALOG_COMPILER_APPICON_NAME = AppIcon;
				ASSETCATALOG_COMPILER_GLOBAL_ACCENT_COLOR_NAME = AccentColor;
				CODE_SIGN_STYLE = Automatic;
				INFOPLIST_FILE = NewsApp/Info.plist;
				IPHONEOS_DEPLOYMENT_TARGET = 10.0;
				LD_RUNPATH_SEARCH_PATHS = (
					"$(inherited)",
					"@executable_path/Frameworks",
				);
				PRODUCT_BUNDLE_IDENTIFIER = com.stepanov.NewsApp;
				PRODUCT_NAME = "$(TARGET_NAME)";
				SWIFT_VERSION = 5.0;
				TARGETED_DEVICE_FAMILY = 1;
			};
			name = Release;
		};
/* End XCBuildConfiguration section */

/* Begin XCConfigurationList section */
		CE28CB7A25CEB6530066B296 /* Build configuration list for PBXProject "NewsApp" */ = {
			isa = XCConfigurationList;
			buildConfigurations = (
				CE28CB9125CEB6550066B296 /* Debug */,
				CE28CB9225CEB6550066B296 /* Release */,
			);
			defaultConfigurationIsVisible = 0;
			defaultConfigurationName = Release;
		};
		CE28CB9325CEB6550066B296 /* Build configuration list for PBXNativeTarget "NewsApp" */ = {
			isa = XCConfigurationList;
			buildConfigurations = (
				CE28CB9425CEB6550066B296 /* Debug */,
				CE28CB9525CEB6550066B296 /* Release */,
			);
			defaultConfigurationIsVisible = 0;
			defaultConfigurationName = Release;
		};
/* End XCConfigurationList section */
	};
	rootObject = CE28CB7725CEB6530066B296 /* Project object */;
}
